Microsoft Visual Studio Solution File, Format Version 7.00
Project("{8BC9CEB8-8B4A-11D0-8D11-00A0C91BC942}") = "DLL", "mDNSWindows\DLL\dnssd.vcproj", "{AB581101-18F0-46F6-B56A-83A6B1EA657E}"
EndProject
Project("{8BC9CEB8-8B4A-11D0-8D11-00A0C91BC942}") = "mDNSResponder", "mDNSWindows\SystemService\Service.vcproj", "{C1D98254-BA27-4427-A3BE-A68CA2CC5F69}"
EndProject
Project("{8BC9CEB8-8B4A-11D0-8D11-00A0C91BC942}") = "NSPTool", "mDNSWindows\NSPTool\NSPTool.vcproj", "{208B3A9F-1CA0-4D1D-9D6C-C61616F94705}"
EndProject
Project("{8BC9CEB8-8B4A-11D0-8D11-00A0C91BC942}") = "mdnsNSP", "mDNSWindows\mdnsNSP\mdnsNSP.vcproj", "{F4F15529-F0EB-402F-8662-73C5797EE557}"
EndProject
Project("{8BC9CEB8-8B4A-11D0-8D11-00A0C91BC942}") = "ExplorerPlugin", "Clients\ExplorerPlugin\ExplorerPlugin.vcproj", "{BB8AC1B5-6587-4163-BDC6-788B157705CA}"
EndProject
Project("{8BC9CEB8-8B4A-11D0-8D11-00A0C91BC942}") = "PrinterSetupWizard", "Clients\PrinterSetupWizard\PrinterSetupWizard.vcproj", "{B1D2CDA2-CC8F-45D5-A694-2EE45B0308CF}"
EndProject
Project("{8BC9CEB8-8B4A-11D0-8D11-00A0C91BC942}") = "DLL.NET", "mDNSWindows\DLL.NET\dnssd_NET.vcproj", "{9C6701E2-82B7-44B7-9B5E-3897D9153F79}"
EndProject
Project("{8BC9CEB8-8B4A-11D0-8D11-00A0C91BC942}") = "ControlPanel", "mDNSWindows\ControlPanel\ControlPanel.vcproj", "{F5D703B6-5612-4381-8BE2-2B7AEBAE58FC}"
EndProject
Project("{8BC9CEB8-8B4A-11D0-8D11-00A0C91BC942}") = "PrinterSetupWizardLocRes", "Clients\PrinterSetupWizard\PrinterSetupWizardLocRes.vcproj", "{B1D2CDA2-CC8F-45D5-A694-2EE45B0308CF}"
EndProject
Project("{8BC9CEB8-8B4A-11D0-8D11-00A0C91BC942}") = "PrinterSetupWizardRes", "Clients\PrinterSetupWizard\PrinterSetupWizardRes.vcproj", "{B1D2CDA2-CC8F-45D5-A694-2EE45B0308CF}"
EndProject
Project("{8BC9CEB8-8B4A-11D0-8D11-00A0C91BC942}") = "ExplorerPluginLocRes", "Clients\ExplorerPlugin\ExplorerPluginLocRes.vcproj", "{BB8AC1B5-6587-4163-BDC6-788B157705CA}"
EndProject
Project("{8BC9CEB8-8B4A-11D0-8D11-00A0C91BC942}") = "ExplorerPluginRes", "Clients\ExplorerPlugin\ExplorerPluginRes.vcproj", "{BB8AC1B5-6587-4163-BDC6-788B157705CA}"
EndProject
Project("{8BC9CEB8-8B4A-11D0-8D11-00A0C91BC942}") = "dns-sd", "Clients\DNS-SD.VisualStudio\dns-sd.vcproj", "{AA230639-E115-4A44-AA5A-44A61235BA50}"
EndProject
Global
	GlobalSection(SolutionConfiguration) = preSolution
		ConfigName.0 = Debug
		ConfigName.1 = Release
	EndGlobalSection
	GlobalSection(ProjectDependencies) = postSolution
		{F4F15529-F0EB-402F-8662-73C5797EE557}.0 = {AB581101-18F0-46F6-B56A-83A6B1EA657E}
		{BB8AC1B5-6587-4163-BDC6-788B157705CA}.0 = {AB581101-18F0-46F6-B56A-83A6B1EA657E}
		{B1D2CDA2-CC8F-45D5-A694-2EE45B0308CF}.0 = {AB581101-18F0-46F6-B56A-83A6B1EA657E}
		{B1D2CDA2-CC8F-45D5-A694-2EE45B0308CF}.0 = {AB581101-18F0-46F6-B56A-83A6B1EA657E}
		{B1D2CDA2-CC8F-45D5-A694-2EE45B0308CF}.0 = {AB581101-18F0-46F6-B56A-83A6B1EA657E}
		{BB8AC1B5-6587-4163-BDC6-788B157705CA}.0 = {AB581101-18F0-46F6-B56A-83A6B1EA657E}
		{BB8AC1B5-6587-4163-BDC6-788B157705CA}.0 = {AB581101-18F0-46F6-B56A-83A6B1EA657E}
	EndGlobalSection
	GlobalSection(ProjectConfiguration) = postSolution
		{AB581101-18F0-46F6-B56A-83A6B1EA657E}.Debug.ActiveCfg = Debug|Win32
		{AB581101-18F0-46F6-B56A-83A6B1EA657E}.Debug.Build.0 = Debug|Win32
		{AB581101-18F0-46F6-B56A-83A6B1EA657E}.Release.ActiveCfg = Release|Win32
		{AB581101-18F0-46F6-B56A-83A6B1EA657E}.Release.Build.0 = Release|Win32
		{C1D98254-BA27-4427-A3BE-A68CA2CC5F69}.Debug.ActiveCfg = Debug|Win32
		{C1D98254-BA27-4427-A3BE-A68CA2CC5F69}.Debug.Build.0 = Debug|Win32
		{C1D98254-BA27-4427-A3BE-A68CA2CC5F69}.Release.ActiveCfg = Release|Win32
		{C1D98254-BA27-4427-A3BE-A68CA2CC5F69}.Release.Build.0 = Release|Win32
		{208B3A9F-1CA0-4D1D-9D6C-C61616F94705}.Debug.ActiveCfg = Debug|Win32
		{208B3A9F-1CA0-4D1D-9D6C-C61616F94705}.Debug.Build.0 = Debug|Win32
		{208B3A9F-1CA0-4D1D-9D6C-C61616F94705}.Release.ActiveCfg = Release|Win32
		{208B3A9F-1CA0-4D1D-9D6C-C61616F94705}.Release.Build.0 = Release|Win32
		{F4F15529-F0EB-402F-8662-73C5797EE557}.Debug.ActiveCfg = Debug|Win32
		{F4F15529-F0EB-402F-8662-73C5797EE557}.Debug.Build.0 = Debug|Win32
		{F4F15529-F0EB-402F-8662-73C5797EE557}.Release.ActiveCfg = Release|Win32
		{F4F15529-F0EB-402F-8662-73C5797EE557}.Release.Build.0 = Release|Win32
		{BB8AC1B5-6587-4163-BDC6-788B157705CA}.Debug.ActiveCfg = Debug|Win32
		{BB8AC1B5-6587-4163-BDC6-788B157705CA}.Debug.Build.0 = Debug|Win32
		{BB8AC1B5-6587-4163-BDC6-788B157705CA}.Release.ActiveCfg = Release|Win32
		{BB8AC1B5-6587-4163-BDC6-788B157705CA}.Release.Build.0 = Release|Win32
		{B1D2CDA2-CC8F-45D5-A694-2EE45B0308CF}.Debug.ActiveCfg = Debug|Win32
		{B1D2CDA2-CC8F-45D5-A694-2EE45B0308CF}.Debug.Build.0 = Debug|Win32
		{B1D2CDA2-CC8F-45D5-A694-2EE45B0308CF}.Release.ActiveCfg = Release|Win32
		{B1D2CDA2-CC8F-45D5-A694-2EE45B0308CF}.Release.Build.0 = Release|Win32
		{9C6701E2-82B7-44B7-9B5E-3897D9153F79}.Debug.ActiveCfg = Debug|Win32
		{9C6701E2-82B7-44B7-9B5E-3897D9153F79}.Debug.Build.0 = Debug|Win32
		{9C6701E2-82B7-44B7-9B5E-3897D9153F79}.Release.ActiveCfg = Release|Win32
		{9C6701E2-82B7-44B7-9B5E-3897D9153F79}.Release.Build.0 = Release|Win32
		{F5D703B6-5612-4381-8BE2-2B7AEBAE58FC}.Debug.ActiveCfg = Debug|Win32
		{F5D703B6-5612-4381-8BE2-2B7AEBAE58FC}.Debug.Build.0 = Debug|Win32
		{F5D703B6-5612-4381-8BE2-2B7AEBAE58FC}.Release.ActiveCfg = Release|Win32
		{F5D703B6-5612-4381-8BE2-2B7AEBAE58FC}.Release.Build.0 = Release|Win32
		{B1D2CDA2-CC8F-45D5-A694-2EE45B0308CF}.Debug.ActiveCfg = Debug|Win32
		{B1D2CDA2-CC8F-45D5-A694-2EE45B0308CF}.Debug.Build.0 = Debug|Win32
		{B1D2CDA2-CC8F-45D5-A694-2EE45B0308CF}.Release.ActiveCfg = Release|Win32
		{B1D2CDA2-CC8F-45D5-A694-2EE45B0308CF}.Release.Build.0 = Release|Win32
		{B1D2CDA2-CC8F-45D5-A694-2EE45B0308CF}.Debug.ActiveCfg = Debug|Win32
		{B1D2CDA2-CC8F-45D5-A694-2EE45B0308CF}.Debug.Build.0 = Debug|Win32
		{B1D2CDA2-CC8F-45D5-A694-2EE45B0308CF}.Release.ActiveCfg = Release|Win32
		{B1D2CDA2-CC8F-45D5-A694-2EE45B0308CF}.Release.Build.0 = Release|Win32
		{BB8AC1B5-6587-4163-BDC6-788B157705CA}.Debug.ActiveCfg = Debug|Win32
		{BB8AC1B5-6587-4163-BDC6-788B157705CA}.Debug.Build.0 = Debug|Win32
		{BB8AC1B5-6587-4163-BDC6-788B157705CA}.Release.ActiveCfg = Release|Win32
		{BB8AC1B5-6587-4163-BDC6-788B157705CA}.Release.Build.0 = Release|Win32
		{BB8AC1B5-6587-4163-BDC6-788B157705CA}.Debug.ActiveCfg = Debug|Win32
		{BB8AC1B5-6587-4163-BDC6-788B157705CA}.Debug.Build.0 = Debug|Win32
		{BB8AC1B5-6587-4163-BDC6-788B157705CA}.Release.ActiveCfg = Release|Win32
		{BB8AC1B5-6587-4163-BDC6-788B157705CA}.Release.Build.0 = Release|Win32
		{AA230639-E115-4A44-AA5A-44A61235BA50}.Debug.ActiveCfg = Debug|Win32
		{AA230639-E115-4A44-AA5A-44A61235BA50}.Debug.Build.0 = Debug|Win32
		{AA230639-E115-4A44-AA5A-44A61235BA50}.Release.ActiveCfg = Release|Win32
		{AA230639-E115-4A44-AA5A-44A61235BA50}.Release.Build.0 = Release|Win32
	EndGlobalSection
	GlobalSection(ExtensibilityGlobals) = postSolution
	EndGlobalSection
	GlobalSection(ExtensibilityAddIns) = postSolution
	EndGlobalSection
EndGlobal
