Microsoft Visual Studio Solution File, Format Version 7.00
Project("{8BC9CEB8-8B4A-11D0-8D11-00A0C91BC942}") = "Tool", "ToolWin32.vcproj", "{F66EFE7E-50A6-44D4-87C7-742B303BA852}"
EndProject
Global
	GlobalSection(SolutionConfiguration) = preSolution
		ConfigName.0 = Debug
		ConfigName.1 = Release
	EndGlobalSection
	GlobalSection(ProjectDependencies) = postSolution
	EndGlobalSection
	GlobalSection(ProjectConfiguration) = postSolution
		{F66EFE7E-50A6-44D4-87C7-742B303BA852}.Debug.ActiveCfg = Debug|Win32
		{F66EFE7E-50A6-44D4-87C7-742B303BA852}.Debug.Build.0 = Debug|Win32
		{F66EFE7E-50A6-44D4-87C7-742B303BA852}.Release.ActiveCfg = Release|Win32
		{F66EFE7E-50A6-44D4-87C7-742B303BA852}.Release.Build.0 = Release|Win32
	EndGlobalSection
	GlobalSection(ExtensibilityGlobals) = postSolution
	EndGlobalSection
	GlobalSection(ExtensibilityAddIns) = postSolution
	EndGlobalSection
EndGlobal
