// !$*UTF8*$!
{
	archiveVersion = 1;
	classes = {
	};
	objectVersion = 38;
	objects = {
		014CEA4F0018CE4811CA2923 = {
			buildRules = (
			);
			buildSettings = {
				COPY_PHASE_STRIP = NO;
				OPTIMIZATION_CFLAGS = "-O0";
			};
			isa = PBXBuildStyle;
			name = Development;
		};
		014CEA500018CE4811CA2923 = {
			buildRules = (
			);
			buildSettings = {
				COPY_PHASE_STRIP = YES;
			};
			isa = PBXBuildStyle;
			name = Deployment;
		};
//010
//011
//012
//013
//014
//030
//031
//032
//033
//034
		034768E6FF38A76511DB9C8B = {
			isa = PBXExecutableFileReference;
			path = HAAutomounter;
			refType = 3;
		};
//030
//031
//032
//033
//034
//080
//081
//082
//083
//084
		08FB7793FE84155DC02AAC07 = {
			buildStyles = (
				014CEA4F0018CE4811CA2923,
				014CEA500018CE4811CA2923,
			);
			isa = PBXProject;
			mainGroup = 08FB7794FE84155DC02AAC07;
			projectDirPath = "";
			targets = (
				08FB779FFE84155DC02AAC07,
			);
		};
		08FB7794FE84155DC02AAC07 = {
			children = (
				08FB7795FE84155DC02AAC07,
				08FB779DFE84155DC02AAC07,
				1AB674ADFE9D54B511CA2CBB,
			);
			isa = PBXGroup;
			name = HAAutomounter;
			refType = 4;
		};
		08FB7795FE84155DC02AAC07 = {
			children = (
				65CA1A4902808474000001D1,
				65CA1A4802808474000001D1,
				08FB7796FE84155DC02AAC07,
			);
			isa = PBXGroup;
			name = Source;
			refType = 4;
		};
		08FB7796FE84155DC02AAC07 = {
			isa = PBXFileReference;
			path = main.m;
			refType = 4;
		};
		08FB779DFE84155DC02AAC07 = {
			children = (
				08FB779EFE84155DC02AAC07,
				65CA1A4F0280888E000001D1,
				65CA1DCD028088B2000001D1,
				65CA1E9D02809D68000001D1,
				65CA1EB302809DA3000001D1,
				6547B9AF0282024900CE36C6,
			);
			isa = PBXGroup;
			name = "External Frameworks and Libraries";
			refType = 4;
		};
		08FB779EFE84155DC02AAC07 = {
			isa = PBXFrameworkReference;
			name = Foundation.framework;
			path = /System/Library/Frameworks/Foundation.framework;
			refType = 0;
		};
		08FB779FFE84155DC02AAC07 = {
			buildPhases = (
				08FB77A0FE84155DC02AAC07,
				08FB77A1FE84155DC02AAC07,
				08FB77A3FE84155DC02AAC07,
				08FB77A5FE84155DC02AAC07,
			);
			buildSettings = {
				FRAMEWORK_SEARCH_PATHS = "\"$(SYSTEM_LIBRARY_DIR)/PrivateFrameworks\"";
				HEADER_SEARCH_PATHS = "";
				INSTALL_PATH = "$(HOME)/bin";
				LIBRARY_SEARCH_PATHS = "";
				OTHER_CFLAGS = "";
				OTHER_LDFLAGS = "";
				OTHER_REZFLAGS = "";
				PRODUCT_NAME = HAAutomounter;
				REZ_EXECUTABLE = YES;
				SECTORDER_FLAGS = "";
				WARNING_CFLAGS = "-Wmost -Wno-four-char-constants -Wno-unknown-pragmas";
			};
			dependencies = (
			);
			isa = PBXToolTarget;
			name = HAAutomounter;
			productInstallPath = "$(HOME)/bin";
			productName = HAAutomounter;
			productReference = 034768E6FF38A76511DB9C8B;
			shouldUseHeadermap = 1;
		};
		08FB77A0FE84155DC02AAC07 = {
			buildActionMask = 2147483647;
			files = (
				65CA1A4A02808474000001D1,
			);
			isa = PBXHeadersBuildPhase;
		};
		08FB77A1FE84155DC02AAC07 = {
			buildActionMask = 2147483647;
			files = (
				08FB77A2FE84155DC02AAC07,
				65CA1A4B02808474000001D1,
			);
			isa = PBXSourcesBuildPhase;
		};
		08FB77A2FE84155DC02AAC07 = {
			fileRef = 08FB7796FE84155DC02AAC07;
			isa = PBXBuildFile;
			settings = {
				ATTRIBUTES = (
				);
			};
		};
		08FB77A3FE84155DC02AAC07 = {
			buildActionMask = 2147483647;
			files = (
				08FB77A4FE84155DC02AAC07,
				65CA1DCC02808890000001D1,
				65CA1E9C028088B3000001D1,
				65CA1EB202809D68000001D1,
				65CA1EBC02809DA3000001D1,
				6547BBFD0282024900CE36C6,
			);
			isa = PBXFrameworksBuildPhase;
		};
		08FB77A4FE84155DC02AAC07 = {
			fileRef = 08FB779EFE84155DC02AAC07;
			isa = PBXBuildFile;
			settings = {
			};
		};
		08FB77A5FE84155DC02AAC07 = {
			buildActionMask = 2147483647;
			files = (
			);
			isa = PBXRezBuildPhase;
		};
//080
//081
//082
//083
//084
//1A0
//1A1
//1A2
//1A3
//1A4
		1AB674ADFE9D54B511CA2CBB = {
			children = (
				034768E6FF38A76511DB9C8B,
			);
			isa = PBXGroup;
			name = Products;
			refType = 4;
		};
//1A0
//1A1
//1A2
//1A3
//1A4
//650
//651
//652
//653
//654
		6547B9AF0282024900CE36C6 = {
			isa = PBXFrameworkReference;
			name = AppKit.framework;
			path = /System/Library/Frameworks/AppKit.framework;
			refType = 0;
		};
		6547BBFD0282024900CE36C6 = {
			fileRef = 6547B9AF0282024900CE36C6;
			isa = PBXBuildFile;
			settings = {
			};
		};
		65CA1A4802808474000001D1 = {
			isa = PBXFileReference;
			path = HAAutomounter.h;
			refType = 4;
		};
		65CA1A4902808474000001D1 = {
			isa = PBXFileReference;
			path = HAAutomounter.m;
			refType = 4;
		};
		65CA1A4A02808474000001D1 = {
			fileRef = 65CA1A4802808474000001D1;
			isa = PBXBuildFile;
			settings = {
			};
		};
		65CA1A4B02808474000001D1 = {
			fileRef = 65CA1A4902808474000001D1;
			isa = PBXBuildFile;
			settings = {
			};
		};
		65CA1A4F0280888E000001D1 = {
			isa = PBXFrameworkReference;
			name = CoreFoundation.framework;
			path = /System/Library/Frameworks/CoreFoundation.framework;
			refType = 0;
		};
		65CA1DCC02808890000001D1 = {
			fileRef = 65CA1A4F0280888E000001D1;
			isa = PBXBuildFile;
			settings = {
			};
		};
		65CA1DCD028088B2000001D1 = {
			isa = PBXFrameworkReference;
			name = CoreServices.framework;
			path = /System/Library/Frameworks/CoreServices.framework;
			refType = 0;
		};
		65CA1E9C028088B3000001D1 = {
			fileRef = 65CA1DCD028088B2000001D1;
			isa = PBXBuildFile;
			settings = {
			};
		};
		65CA1E9D02809D68000001D1 = {
			isa = PBXFrameworkReference;
			name = AppleShareClientCore.framework;
			path = /System/Library/Frameworks/AppleShareClientCore.framework;
			refType = 0;
		};
		65CA1EB202809D68000001D1 = {
			fileRef = 65CA1E9D02809D68000001D1;
			isa = PBXBuildFile;
			settings = {
			};
		};
		65CA1EB302809DA3000001D1 = {
			isa = PBXFrameworkReference;
			name = URLMount.framework;
			path = /System/Library/PrivateFrameworks/URLMount.framework;
			refType = 0;
		};
		65CA1EBC02809DA3000001D1 = {
			fileRef = 65CA1EB302809DA3000001D1;
			isa = PBXBuildFile;
			settings = {
			};
		};
	};
	rootObject = 08FB7793FE84155DC02AAC07;
}
