// !$*UTF8*$!
{
	archiveVersion = 1;
	classes = {
	};
	objectVersion = 42;
	objects = {

/* Begin PBXAggregateTarget section */
		FFF520490671177900DA3D49 /* Build All */ = {
			isa = PBXAggregateTarget;
			buildConfigurationList = 21D91E890B12A03D003981D9 /* Build configuration list for PBXAggregateTarget "Build All" */;
			buildPhases = (
			);
			dependencies = (
				FF383826067117F300FEF615 /* PBXTargetDependency */,
			);
			name = "Build All";
			productName = "Build All";
		};
/* End PBXAggregateTarget section */

/* Begin PBXBuildFile section */
		8DD76F770486A8DE00D96B5E /* dns-sd.c in Sources */ = {isa = PBXBuildFile; fileRef = 08FB7796FE84155DC02AAC07 /* dns-sd.c */; settings = {ATTRIBUTES = (); }; };
		FF2704F90F12A60900299571 /* ClientCommon.c in Sources */ = {isa = PBXBuildFile; fileRef = FF2704F80F12A60900299571 /* ClientCommon.c */; };
/* End PBXBuildFile section */

/* Begin PBXContainerItemProxy section */
		FF383825067117F300FEF615 /* PBXContainerItemProxy */ = {
			isa = PBXContainerItemProxy;
			containerPortal = 08FB7793FE84155DC02AAC07 /* Project object */;
			proxyType = 1;
			remoteGlobalIDString = 8DD76F740486A8DE00D96B5E;
			remoteInfo = "dns-sd";
		};
/* End PBXContainerItemProxy section */

/* Begin PBXCopyFilesBuildPhase section */
		8DD76F7B0486A8DE00D96B5E /* CopyFiles */ = {
			isa = PBXCopyFilesBuildPhase;
			buildActionMask = 8;
			dstPath = /usr/share/man/man1/;
			dstSubfolderSpec = 0;
			files = (
			);
			runOnlyForDeploymentPostprocessing = 1;
		};
/* End PBXCopyFilesBuildPhase section */

/* Begin PBXFileReference section */
		08FB7796FE84155DC02AAC07 /* dns-sd.c */ = {isa = PBXFileReference; fileEncoding = 4; lastKnownFileType = sourcecode.c.c; path = "dns-sd.c"; sourceTree = "<group>"; };
		8DD76F7E0486A8DE00D96B5E /* dns-sd */ = {isa = PBXFileReference; explicitFileType = "compiled.mach-o.executable"; includeInIndex = 0; path = "dns-sd"; sourceTree = BUILT_PRODUCTS_DIR; };
		FF2704F80F12A60900299571 /* ClientCommon.c */ = {isa = PBXFileReference; fileEncoding = 4; lastKnownFileType = sourcecode.c.c; path = ClientCommon.c; sourceTree = "<group>"; };
		FF964AA00671153B0099215A /* Foundation.framework */ = {isa = PBXFileReference; lastKnownFileType = wrapper.framework; name = Foundation.framework; path = /System/Library/Frameworks/Foundation.framework; sourceTree = "<absolute>"; };
/* End PBXFileReference section */

/* Begin PBXFrameworksBuildPhase section */
		8DD76F780486A8DE00D96B5E /* Frameworks */ = {
			isa = PBXFrameworksBuildPhase;
			buildActionMask = 2147483647;
			files = (
			);
			runOnlyForDeploymentPostprocessing = 0;
		};
/* End PBXFrameworksBuildPhase section */

/* Begin PBXGroup section */
		08FB7794FE84155DC02AAC07 /* mDNS */ = {
			isa = PBXGroup;
			children = (
				08FB7795FE84155DC02AAC07 /* Source */,
				08FB779DFE84155DC02AAC07 /* Frameworks */,
				19C28FBDFE9D53C911CA2CBB /* Products */,
			);
			name = mDNS;
			sourceTree = "<group>";
		};
		08FB7795FE84155DC02AAC07 /* Source */ = {
			isa = PBXGroup;
			children = (
				08FB7796FE84155DC02AAC07 /* dns-sd.c */,
				FF2704F80F12A60900299571 /* ClientCommon.c */,
			);
			name = Source;
			sourceTree = "<group>";
		};
		08FB779DFE84155DC02AAC07 /* Frameworks */ = {
			isa = PBXGroup;
			children = (
				FF964AA00671153B0099215A /* Foundation.framework */,
			);
			name = Frameworks;
			sourceTree = "<group>";
		};
		19C28FBDFE9D53C911CA2CBB /* Products */ = {
			isa = PBXGroup;
			children = (
				8DD76F7E0486A8DE00D96B5E /* dns-sd */,
			);
			name = Products;
			sourceTree = "<group>";
		};
/* End PBXGroup section */

/* Begin PBXHeadersBuildPhase section */
		8DD76F750486A8DE00D96B5E /* Headers */ = {
			isa = PBXHeadersBuildPhase;
			buildActionMask = 2147483647;
			files = (
			);
			runOnlyForDeploymentPostprocessing = 0;
		};
/* End PBXHeadersBuildPhase section */

/* Begin PBXNativeTarget section */
		8DD76F740486A8DE00D96B5E /* dns-sd */ = {
			isa = PBXNativeTarget;
			buildConfigurationList = 21D91E7D0B12A03D003981D9 /* Build configuration list for PBXNativeTarget "dns-sd" */;
			buildPhases = (
				8DD76F750486A8DE00D96B5E /* Headers */,
				8DD76F760486A8DE00D96B5E /* Sources */,
				8DD76F780486A8DE00D96B5E /* Frameworks */,
				8DD76F7A0486A8DE00D96B5E /* Rez */,
				8DD76F7B0486A8DE00D96B5E /* CopyFiles */,
			);
			buildRules = (
			);
			dependencies = (
			);
			name = "dns-sd";
			productInstallPath = "$(HOME)/bin";
			productName = mDNS;
			productReference = 8DD76F7E0486A8DE00D96B5E /* dns-sd */;
			productType = "com.apple.product-type.tool";
		};
/* End PBXNativeTarget section */

/* Begin PBXProject section */
		08FB7793FE84155DC02AAC07 /* Project object */ = {
			isa = PBXProject;
			attributes = {
			};
			buildConfigurationList = 21D91E8D0B12A03D003981D9 /* Build configuration list for PBXProject "DNS-SD" */;
			compatibilityVersion = "Xcode 2.4";
			developmentRegion = en;
			hasScannedForEncodings = 1;
			knownRegions = (
				en,
				Base,
			);
			mainGroup = 08FB7794FE84155DC02AAC07 /* mDNS */;
			projectDirPath = "";
			projectRoot = "";
			targets = (
				FFF520490671177900DA3D49 /* Build All */,
				8DD76F740486A8DE00D96B5E /* dns-sd */,
			);
		};
/* End PBXProject section */

/* Begin PBXRezBuildPhase section */
		8DD76F7A0486A8DE00D96B5E /* Rez */ = {
			isa = PBXRezBuildPhase;
			buildActionMask = 2147483647;
			files = (
			);
			runOnlyForDeploymentPostprocessing = 0;
		};
/* End PBXRezBuildPhase section */

/* Begin PBXSourcesBuildPhase section */
		8DD76F760486A8DE00D96B5E /* Sources */ = {
			isa = PBXSourcesBuildPhase;
			buildActionMask = 2147483647;
			files = (
				8DD76F770486A8DE00D96B5E /* dns-sd.c in Sources */,
				FF2704F90F12A60900299571 /* ClientCommon.c in Sources */,
			);
			runOnlyForDeploymentPostprocessing = 0;
		};
/* End PBXSourcesBuildPhase section */

/* Begin PBXTargetDependency section */
		FF383826067117F300FEF615 /* PBXTargetDependency */ = {
			isa = PBXTargetDependency;
			target = 8DD76F740486A8DE00D96B5E /* dns-sd */;
			targetProxy = FF383825067117F300FEF615 /* PBXContainerItemProxy */;
		};
/* End PBXTargetDependency section */

/* Begin XCBuildConfiguration section */
		21D91E7E0B12A03D003981D9 /* Development */ = {
			isa = XCBuildConfiguration;
			buildSettings = {
				COPY_PHASE_STRIP = NO;
				DEBUGGING_SYMBOLS = YES;
				FRAMEWORK_SEARCH_PATHS = "";
				GCC_DYNAMIC_NO_PIC = NO;
				GCC_ENABLE_FIX_AND_CONTINUE = YES;
				GCC_ENABLE_TRIGRAPHS = NO;
				GCC_GENERATE_DEBUGGING_SYMBOLS = YES;
				GCC_OPTIMIZATION_LEVEL = 0;
				GCC_PRECOMPILE_PREFIX_HEADER = NO;
				GCC_WARN_ABOUT_MISSING_PROTOTYPES = NO;
				GCC_WARN_FOUR_CHARACTER_CONSTANTS = NO;
				GCC_WARN_UNKNOWN_PRAGMAS = NO;
				HEADER_SEARCH_PATHS = ../mDNSShared;
				INSTALL_PATH = "$(HOME)/bin";
				LIBRARY_SEARCH_PATHS = "";
				OPTIMIZATION_CFLAGS = "-O0";
				OTHER_CFLAGS = "";
				OTHER_LDFLAGS = "";
				OTHER_REZFLAGS = "";
				PRODUCT_NAME = "dns-sd";
				REZ_EXECUTABLE = YES;
				SECTORDER_FLAGS = "";
				WARNING_CFLAGS = (
					"-Wmost",
					"-Wno-four-char-constants",
					"-Wno-unknown-pragmas",
				);
				ZERO_LINK = NO;
			};
			name = Development;
		};
		21D91E7F0B12A03D003981D9 /* Deployment */ = {
			isa = XCBuildConfiguration;
			buildSettings = {
				COPY_PHASE_STRIP = YES;
				FRAMEWORK_SEARCH_PATHS = "";
				GCC_ENABLE_FIX_AND_CONTINUE = NO;
				GCC_ENABLE_TRIGRAPHS = NO;
				GCC_GENERATE_DEBUGGING_SYMBOLS = NO;
				GCC_PRECOMPILE_PREFIX_HEADER = NO;
				GCC_WARN_ABOUT_MISSING_PROTOTYPES = NO;
				GCC_WARN_FOUR_CHARACTER_CONSTANTS = NO;
				GCC_WARN_UNKNOWN_PRAGMAS = NO;
				HEADER_SEARCH_PATHS = ../mDNSShared;
				INSTALL_PATH = "$(HOME)/bin";
				LIBRARY_SEARCH_PATHS = "";
				OTHER_CFLAGS = "";
				OTHER_LDFLAGS = "";
				OTHER_REZFLAGS = "";
				PRODUCT_NAME = "dns-sd";
				REZ_EXECUTABLE = YES;
				SECTORDER_FLAGS = "";
				WARNING_CFLAGS = (
					"-Wmost",
					"-Wno-four-char-constants",
					"-Wno-unknown-pragmas",
				);
				ZERO_LINK = NO;
			};
			name = Deployment;
		};
		21D91E800B12A03D003981D9 /* Default */ = {
			isa = XCBuildConfiguration;
			buildSettings = {
				FRAMEWORK_SEARCH_PATHS = "";
				GCC_ENABLE_TRIGRAPHS = NO;
				GCC_GENERATE_DEBUGGING_SYMBOLS = NO;
				GCC_PRECOMPILE_PREFIX_HEADER = NO;
				GCC_WARN_ABOUT_MISSING_PROTOTYPES = NO;
				GCC_WARN_FOUR_CHARACTER_CONSTANTS = NO;
				GCC_WARN_UNKNOWN_PRAGMAS = NO;
				HEADER_SEARCH_PATHS = ../mDNSShared;
				INSTALL_PATH = "$(HOME)/bin";
				LIBRARY_SEARCH_PATHS = "";
				OTHER_CFLAGS = "";
				OTHER_LDFLAGS = "";
				OTHER_REZFLAGS = "";
				PRODUCT_NAME = "dns-sd";
				REZ_EXECUTABLE = YES;
				SECTORDER_FLAGS = "";
				WARNING_CFLAGS = (
					"-Wmost",
					"-Wno-four-char-constants",
					"-Wno-unknown-pragmas",
				);
				ZERO_LINK = NO;
			};
			name = Default;
		};
		21D91E8A0B12A03D003981D9 /* Development */ = {
			isa = XCBuildConfiguration;
			buildSettings = {
				COPY_PHASE_STRIP = NO;
				DEBUGGING_SYMBOLS = YES;
				GCC_DYNAMIC_NO_PIC = NO;
				GCC_ENABLE_FIX_AND_CONTINUE = YES;
				GCC_GENERATE_DEBUGGING_SYMBOLS = YES;
				GCC_OPTIMIZATION_LEVEL = 0;
				OPTIMIZATION_CFLAGS = "-O0";
				OTHER_CFLAGS = "";
				OTHER_LDFLAGS = "";
				OTHER_REZFLAGS = "";
				PRODUCT_NAME = "Build All";
				SECTORDER_FLAGS = "";
				WARNING_CFLAGS = (
					"-Wmost",
					"-Wno-four-char-constants",
					"-Wno-unknown-pragmas",
				);
				ZERO_LINK = NO;
			};
			name = Development;
		};
		21D91E8B0B12A03D003981D9 /* Deployment */ = {
			isa = XCBuildConfiguration;
			buildSettings = {
				COPY_PHASE_STRIP = YES;
				GCC_ENABLE_FIX_AND_CONTINUE = NO;
				OTHER_CFLAGS = "";
				OTHER_LDFLAGS = "";
				OTHER_REZFLAGS = "";
				PRODUCT_NAME = "Build All";
				SECTORDER_FLAGS = "";
				WARNING_CFLAGS = (
					"-Wmost",
					"-Wno-four-char-constants",
					"-Wno-unknown-pragmas",
				);
				ZERO_LINK = NO;
			};
			name = Deployment;
		};
		21D91E8C0B12A03D003981D9 /* Default */ = {
			isa = XCBuildConfiguration;
			buildSettings = {
				OTHER_CFLAGS = "";
				OTHER_LDFLAGS = "";
				OTHER_REZFLAGS = "";
				PRODUCT_NAME = "Build All";
				SECTORDER_FLAGS = "";
				WARNING_CFLAGS = (
					"-Wmost",
					"-Wno-four-char-constants",
					"-Wno-unknown-pragmas",
				);
			};
			name = Default;
		};
		21D91E8E0B12A03D003981D9 /* Development */ = {
			isa = XCBuildConfiguration;
			buildSettings = {
				PREBINDING = NO;
				SDKROOT = macosx.internal;
			};
			name = Development;
		};
		21D91E8F0B12A03D003981D9 /* Deployment */ = {
			isa = XCBuildConfiguration;
			buildSettings = {
				PREBINDING = NO;
				SDKROOT = macosx.internal;
			};
			name = Deployment;
		};
		21D91E900B12A03D003981D9 /* Default */ = {
			isa = XCBuildConfiguration;
			buildSettings = {
				PREBINDING = NO;
				SDKROOT = macosx.internal;
			};
			name = Default;
		};
/* End XCBuildConfiguration section */

/* Begin XCConfigurationList section */
		21D91E7D0B12A03D003981D9 /* Build configuration list for PBXNativeTarget "dns-sd" */ = {
			isa = XCConfigurationList;
			buildConfigurations = (
				21D91E7E0B12A03D003981D9 /* Development */,
				21D91E7F0B12A03D003981D9 /* Deployment */,
				21D91E800B12A03D003981D9 /* Default */,
			);
			defaultConfigurationIsVisible = 0;
			defaultConfigurationName = Default;
		};
		21D91E890B12A03D003981D9 /* Build configuration list for PBXAggregateTarget "Build All" */ = {
			isa = XCConfigurationList;
			buildConfigurations = (
				21D91E8A0B12A03D003981D9 /* Development */,
				21D91E8B0B12A03D003981D9 /* Deployment */,
				21D91E8C0B12A03D003981D9 /* Default */,
			);
			defaultConfigurationIsVisible = 0;
			defaultConfigurationName = Default;
		};
		21D91E8D0B12A03D003981D9 /* Build configuration list for PBXProject "DNS-SD" */ = {
			isa = XCConfigurationList;
			buildConfigurations = (
				21D91E8E0B12A03D003981D9 /* Development */,
				21D91E8F0B12A03D003981D9 /* Deployment */,
				21D91E900B12A03D003981D9 /* Default */,
			);
			defaultConfigurationIsVisible = 0;
			defaultConfigurationName = Default;
		};
/* End XCConfigurationList section */
	};
	rootObject = 08FB7793FE84155DC02AAC07 /* Project object */;
}
