// !$*UTF8*$!
{
	archiveVersion = 1;
	classes = {
	};
	objectVersion = 38;
	objects = {
		00CA213D02786FC30CCA2C71 = {
			isa = PBXFrameworkReference;
			name = IOKit.framework;
			path = /System/Library/Frameworks/IOKit.framework;
			refType = 0;
		};
//000
//001
//002
//003
//004
//010
//011
//012
//013
//014
		014CEA490018CE3211CA2923 = {
			buildRules = (
			);
			buildSettings = {
				COPY_PHASE_STRIP = NO;
				OPTIMIZATION_CFLAGS = "-O0";
				OTHER_CFLAGS = "-D__MACOSX__ -DDEBUGBREAKS=1";
			};
			isa = PBXBuildStyle;
			name = Development;
		};
		014CEA4A0018CE3211CA2923 = {
			buildRules = (
			);
			buildSettings = {
				COPY_PHASE_STRIP = YES;
				OTHER_CFLAGS = "-D__MACOSX__";
			};
			isa = PBXBuildStyle;
			name = Deployment;
		};
//010
//011
//012
//013
//014
//030
//031
//032
//033
//034
		034768E2FF38A6DC11DB9C8B = {
			isa = PBXExecutableFileReference;
			path = mDNSResponder;
			refType = 3;
		};
//030
//031
//032
//033
//034
//080
//081
//082
//083
//084
		08FB7793FE84155DC02AAC07 = {
			buildStyles = (
				014CEA490018CE3211CA2923,
				014CEA4A0018CE3211CA2923,
			);
			isa = PBXProject;
			mainGroup = 08FB7794FE84155DC02AAC07;
			projectDirPath = "";
			targets = (
				08FB779FFE84155DC02AAC07,
				6575FC1C022EB76000000109,
			);
		};
		08FB7794FE84155DC02AAC07 = {
			children = (
				08FB7795FE84155DC02AAC07,
				6575FC1F022EB78C00000109,
				6575FBFE022EAFA800000109,
				08FB779DFE84155DC02AAC07,
				19C28FBDFE9D53C911CA2CBB,
			);
			isa = PBXGroup;
			name = mDNSResponder;
			refType = 4;
		};
		08FB7795FE84155DC02AAC07 = {
			children = (
				6575FBEC022EAF7200000109,
				6575FBE9022EAF5A00000109,
				6575FC12022EB27800000109,
				6575FBEB022EAF7200000109,
				654BE64F02B63B93000001D1,
				654BE65002B63B93000001D1,
				654BE65102B63B93000001D1,
				654BE65202B63B93000001D1,
				654BE65302B63B93000001D1,
				654BE65402B63B93000001D1,
			);
			isa = PBXGroup;
			name = "mDNS Server Sources";
			refType = 4;
		};
		08FB779DFE84155DC02AAC07 = {
			children = (
				09AB6884FE841BABC02AAC07,
				65713D46025A293200000109,
				00CA213D02786FC30CCA2C71,
			);
			isa = PBXGroup;
			name = "External Frameworks and Libraries";
			refType = 4;
		};
		08FB779FFE84155DC02AAC07 = {
			buildPhases = (
				08FB77A0FE84155DC02AAC07,
				08FB77A1FE84155DC02AAC07,
				08FB77A3FE84155DC02AAC07,
				08FB77A5FE84155DC02AAC07,
			);
			buildSettings = {
				FRAMEWORK_SEARCH_PATHS = "";
				HEADER_SEARCH_PATHS = "\"$(APPLE_INTERNAL_DEVELOPER_DIR)/Headers\"";
				INSTALL_PATH = /usr/sbin;
				LIBRARY_SEARCH_PATHS = "";
				OTHER_CFLAGS = "-D__MACOSX__";
				OTHER_LDFLAGS = "";
				OTHER_REZFLAGS = "";
				PRODUCT_NAME = mDNSResponder;
				REZ_EXECUTABLE = YES;
				SECTORDER_FLAGS = "";
				WARNING_CFLAGS = "-Wmost -Wno-four-char-constants -Wno-unknown-pragmas";
			};
			dependencies = (
			);
			isa = PBXToolTarget;
			name = mDNSResponder;
			productInstallPath = "$(HOME)/bin";
			productName = mDNSResponder;
			productReference = 034768E2FF38A6DC11DB9C8B;
			shouldUseHeadermap = 1;
		};
		08FB77A0FE84155DC02AAC07 = {
			buildActionMask = 2147483647;
			files = (
				6575FC02022EAFBA00000109,
				654BE65502B63B93000001D1,
				654BE65602B63B93000001D1,
				654BE65702B63B93000001D1,
				654BE65802B63B93000001D1,
				654BE65902B63B93000001D1,
				654BE65A02B63B93000001D1,
			);
			isa = PBXHeadersBuildPhase;
			runOnlyForDeploymentPostprocessing = 0;
		};
		08FB77A1FE84155DC02AAC07 = {
			buildActionMask = 2147483647;
			files = (
				6575FC0D022EB18700000109,
				6575FC0E022EB18700000109,
				6575FBEA022EAF5A00000109,
				6575FBED022EAF7200000109,
				6575FBEE022EAF7200000109,
				6575FC15022EB27800000109,
			);
			isa = PBXSourcesBuildPhase;
			runOnlyForDeploymentPostprocessing = 0;
		};
		08FB77A3FE84155DC02AAC07 = {
			buildActionMask = 2147483647;
			files = (
				09AB6885FE841BABC02AAC07,
				65713D66025A293200000109,
				6585DD640279A3B7000001D1,
			);
			isa = PBXFrameworksBuildPhase;
			runOnlyForDeploymentPostprocessing = 0;
		};
		08FB77A5FE84155DC02AAC07 = {
			buildActionMask = 2147483647;
			files = (
			);
			isa = PBXRezBuildPhase;
			runOnlyForDeploymentPostprocessing = 0;
		};
//080
//081
//082
//083
//084
//090
//091
//092
//093
//094
		09AB6884FE841BABC02AAC07 = {
			isa = PBXFrameworkReference;
			name = CoreFoundation.framework;
			path = /System/Library/Frameworks/CoreFoundation.framework;
			refType = 0;
		};
		09AB6885FE841BABC02AAC07 = {
			fileRef = 09AB6884FE841BABC02AAC07;
			isa = PBXBuildFile;
			settings = {
			};
		};
//090
//091
//092
//093
//094
//190
//191
//192
//193
//194
		19C28FBDFE9D53C911CA2CBB = {
			children = (
				034768E2FF38A6DC11DB9C8B,
				6575FC1D022EB76000000109,
			);
			isa = PBXGroup;
			name = Products;
			refType = 4;
		};
//190
//191
//192
//193
//194
//650
//651
//652
//653
//654
		654BE64F02B63B93000001D1 = {
			isa = PBXFileReference;
			name = mDNSClientAPI.h;
			path = mDNSCore/mDNSClientAPI.h;
			refType = 4;
		};
		654BE65002B63B93000001D1 = {
			isa = PBXFileReference;
			name = mDNSDebug.h;
			path = mDNSCore/mDNSDebug.h;
			refType = 4;
		};
		654BE65102B63B93000001D1 = {
			isa = PBXFileReference;
			name = mDNSPlatformEnvironment.h;
			path = mDNSCore/mDNSPlatformEnvironment.h;
			refType = 4;
		};
		654BE65202B63B93000001D1 = {
			isa = PBXFileReference;
			name = mDNSPlatformFunctions.h;
			path = mDNSCore/mDNSPlatformFunctions.h;
			refType = 4;
		};
		654BE65302B63B93000001D1 = {
			isa = PBXFileReference;
			name = mDNSsprintf.h;
			path = mDNSCore/mDNSsprintf.h;
			refType = 4;
		};
		654BE65402B63B93000001D1 = {
			isa = PBXFileReference;
			name = mDNSvsprintf.h;
			path = mDNSCore/mDNSvsprintf.h;
			refType = 4;
		};
		654BE65502B63B93000001D1 = {
			fileRef = 654BE64F02B63B93000001D1;
			isa = PBXBuildFile;
			settings = {
			};
		};
		654BE65602B63B93000001D1 = {
			fileRef = 654BE65002B63B93000001D1;
			isa = PBXBuildFile;
			settings = {
			};
		};
		654BE65702B63B93000001D1 = {
			fileRef = 654BE65102B63B93000001D1;
			isa = PBXBuildFile;
			settings = {
			};
		};
		654BE65802B63B93000001D1 = {
			fileRef = 654BE65202B63B93000001D1;
			isa = PBXBuildFile;
			settings = {
			};
		};
		654BE65902B63B93000001D1 = {
			fileRef = 654BE65302B63B93000001D1;
			isa = PBXBuildFile;
			settings = {
			};
		};
		654BE65A02B63B93000001D1 = {
			fileRef = 654BE65402B63B93000001D1;
			isa = PBXBuildFile;
			settings = {
			};
		};
		65713D46025A293200000109 = {
			isa = PBXFrameworkReference;
			name = SystemConfiguration.framework;
			path = /System/Library/Frameworks/SystemConfiguration.framework;
			refType = 0;
		};
		65713D66025A293200000109 = {
			fileRef = 65713D46025A293200000109;
			isa = PBXBuildFile;
			settings = {
			};
		};
		6575FBE9022EAF5A00000109 = {
			indentWidth = 4;
			isa = PBXFileReference;
			name = mDNS.c;
			path = mDNSCore/mDNS.c;
			refType = 4;
			tabWidth = 4;
			usesTabs = 1;
		};
		6575FBEA022EAF5A00000109 = {
			fileRef = 6575FBE9022EAF5A00000109;
			isa = PBXBuildFile;
			settings = {
			};
		};
		6575FBEB022EAF7200000109 = {
			indentWidth = 4;
			isa = PBXFileReference;
			path = CFSocket.c;
			refType = 4;
			tabWidth = 4;
			usesTabs = 1;
		};
		6575FBEC022EAF7200000109 = {
			indentWidth = 4;
			isa = PBXFileReference;
			path = daemon.c;
			refType = 4;
			tabWidth = 4;
			usesTabs = 1;
		};
		6575FBED022EAF7200000109 = {
			fileRef = 6575FBEB022EAF7200000109;
			isa = PBXBuildFile;
			settings = {
			};
		};
		6575FBEE022EAF7200000109 = {
			fileRef = 6575FBEC022EAF7200000109;
			isa = PBXBuildFile;
			settings = {
			};
		};
		6575FBFE022EAFA800000109 = {
			children = (
				6575FBFF022EAFBA00000109,
				6575FC00022EAFBA00000109,
				6575FC01022EAFBA00000109,
			);
			isa = PBXGroup;
			name = "DNS Service Discovery MIG files";
			refType = 4;
		};
		6575FBFF022EAFBA00000109 = {
			isa = PBXFileReference;
			path = DNSServiceDiscoveryDefines.h;
			refType = 4;
		};
		6575FC00022EAFBA00000109 = {
			isa = PBXFileReference;
			path = DNSServiceDiscoveryReply.defs;
			refType = 4;
		};
		6575FC01022EAFBA00000109 = {
			isa = PBXFileReference;
			path = DNSServiceDiscoveryRequest.defs;
			refType = 4;
		};
		6575FC02022EAFBA00000109 = {
			fileRef = 6575FBFF022EAFBA00000109;
			isa = PBXBuildFile;
			settings = {
			};
		};
		6575FC0D022EB18700000109 = {
			fileRef = 6575FC00022EAFBA00000109;
			isa = PBXBuildFile;
			settings = {
				ATTRIBUTES = (
					Client,
				);
			};
		};
		6575FC0E022EB18700000109 = {
			fileRef = 6575FC01022EAFBA00000109;
			isa = PBXBuildFile;
			settings = {
				ATTRIBUTES = (
					Server,
					Client,
				);
			};
		};
		6575FC12022EB27800000109 = {
			isa = PBXFileReference;
			name = mDNSsprintf.c;
			path = mDNSCore/mDNSsprintf.c;
			refType = 4;
		};
		6575FC15022EB27800000109 = {
			fileRef = 6575FC12022EB27800000109;
			isa = PBXBuildFile;
			settings = {
			};
		};
		6575FC18022EB76000000109 = {
			buildActionMask = 2147483647;
			files = (
			);
			isa = PBXHeadersBuildPhase;
			runOnlyForDeploymentPostprocessing = 0;
		};
		6575FC19022EB76000000109 = {
			buildActionMask = 2147483647;
			files = (
				6575FC21022EB7AA00000109,
			);
			isa = PBXSourcesBuildPhase;
			runOnlyForDeploymentPostprocessing = 0;
		};
		6575FC1A022EB76000000109 = {
			buildActionMask = 2147483647;
			files = (
				6575FC24022EBA5D00000109,
			);
			isa = PBXFrameworksBuildPhase;
			runOnlyForDeploymentPostprocessing = 0;
		};
		6575FC1B022EB76000000109 = {
			buildActionMask = 2147483647;
			files = (
			);
			isa = PBXRezBuildPhase;
			runOnlyForDeploymentPostprocessing = 0;
		};
		6575FC1C022EB76000000109 = {
			buildPhases = (
				6575FC18022EB76000000109,
				6575FC19022EB76000000109,
				6575FC1A022EB76000000109,
				6575FC1B022EB76000000109,
			);
			buildSettings = {
				OTHER_CFLAGS = "";
				OTHER_LDFLAGS = "";
				OTHER_REZFLAGS = "";
				PRODUCT_NAME = mDNS;
				REZ_EXECUTABLE = YES;
				SECTORDER_FLAGS = "";
				WARNING_CFLAGS = "-Wmost -Wno-four-char-constants -Wno-unknown-pragmas";
			};
			dependencies = (
			);
			isa = PBXToolTarget;
			name = mDNS;
			productInstallPath = /usr/local/bin;
			productName = "Sample mDNS Client";
			productReference = 6575FC1D022EB76000000109;
			shouldUseHeadermap = 0;
		};
		6575FC1D022EB76000000109 = {
			isa = PBXExecutableFileReference;
			path = mDNS;
			refType = 3;
		};
		6575FC1F022EB78C00000109 = {
			children = (
				6575FC20022EB7AA00000109,
			);
			isa = PBXGroup;
			name = SampleMulticastDNSClient;
			refType = 4;
		};
		6575FC20022EB7AA00000109 = {
			indentWidth = 4;
			isa = PBXFileReference;
			path = SamplemDNSClient.c;
			refType = 4;
			tabWidth = 4;
			usesTabs = 0;
		};
		6575FC21022EB7AA00000109 = {
			fileRef = 6575FC20022EB7AA00000109;
			isa = PBXBuildFile;
			settings = {
			};
		};
		6575FC24022EBA5D00000109 = {
			fileRef = 09AB6884FE841BABC02AAC07;
			isa = PBXBuildFile;
			settings = {
			};
		};
		6585DD640279A3B7000001D1 = {
			fileRef = 00CA213D02786FC30CCA2C71;
			isa = PBXBuildFile;
			settings = {
			};
		};
	};
	rootObject = 08FB7793FE84155DC02AAC07;
}
